// !$*UTF8*$!
{
	archiveVersion = 1;
	classes = {
	};
	objectVersion = 46;
	objects = {

/* Begin PBXBuildFile section */
		3839C313165557310024C313 /* UIKit.framework in Frameworks */ = {isa = PBXBuildFile; fileRef = 3839C312165557310024C313 /* UIKit.framework */; };
		3839C315165557310024C313 /* Foundation.framework in Frameworks */ = {isa = PBXBuildFile; fileRef = 3839C314165557310024C313 /* Foundation.framework */; };
		3839C317165557310024C313 /* CoreGraphics.framework in Frameworks */ = {isa = PBXBuildFile; fileRef = 3839C316165557310024C313 /* CoreGraphics.framework */; };
		3839C31D165557320024C313 /* InfoPlist.strings in Resources */ = {isa = PBXBuildFile; fileRef = 3839C31B165557310024C313 /* InfoPlist.strings */; };
		3839C31F165557320024C313 /* main.m in Sources */ = {isa = PBXBuildFile; fileRef = 3839C31E165557320024C313 /* main.m */; };
		3839C323165557320024C313 /* AppDelegate.m in Sources */ = {isa = PBXBuildFile; fileRef = 3839C322165557320024C313 /* AppDelegate.m */; };
		3839C325165557320024C313 /* Default.png in Resources */ = {isa = PBXBuildFile; fileRef = 3839C324165557320024C313 /* Default.png */; };
		3839C327165557320024C313 /* Default@2x.png in Resources */ = {isa = PBXBuildFile; fileRef = 3839C326165557320024C313 /* Default@2x.png */; };
		3839C329165557320024C313 /* Default-568h@2x.png in Resources */ = {isa = PBXBuildFile; fileRef = 3839C328165557320024C313 /* Default-568h@2x.png */; };
		3839C32C165557320024C313 /* FirstViewController.m in Sources */ = {isa = PBXBuildFile; fileRef = 3839C32B165557320024C313 /* FirstViewController.m */; };
		3839C32E165557320024C313 /* first.png in Resources */ = {isa = PBXBuildFile; fileRef = 3839C32D165557320024C313 /* first.png */; };
		3839C330165557320024C313 /* first@2x.png in Resources */ = {isa = PBXBuildFile; fileRef = 3839C32F165557320024C313 /* first@2x.png */; };
		3839C333165557320024C313 /* SecondViewController.m in Sources */ = {isa = PBXBuildFile; fileRef = 3839C332165557320024C313 /* SecondViewController.m */; };
		3839C335165557320024C313 /* second.png in Resources */ = {isa = PBXBuildFile; fileRef = 3839C334165557320024C313 /* second.png */; };
		3839C337165557320024C313 /* second@2x.png in Resources */ = {isa = PBXBuildFile; fileRef = 3839C336165557320024C313 /* second@2x.png */; };
		3839C33A165557320024C313 /* FirstViewController.xib in Resources */ = {isa = PBXBuildFile; fileRef = 3839C338165557320024C313 /* FirstViewController.xib */; };
		3839C33D165557320024C313 /* SecondViewController.xib in Resources */ = {isa = PBXBuildFile; fileRef = 3839C33B165557320024C313 /* SecondViewController.xib */; };
/* End PBXBuildFile section */

/* Begin PBXFileReference section */
		3839C30E165557310024C313 /* TheEvnt.app */ = {isa = PBXFileReference; explicitFileType = wrapper.application; includeInIndex = 0; path = TheEvnt.app; sourceTree = BUILT_PRODUCTS_DIR; };
		3839C312165557310024C313 /* UIKit.framework */ = {isa = PBXFileReference; lastKnownFileType = wrapper.framework; name = UIKit.framework; path = System/Library/Frameworks/UIKit.framework; sourceTree = SDKROOT; };
		3839C314165557310024C313 /* Foundation.framework */ = {isa = PBXFileReference; lastKnownFileType = wrapper.framework; name = Foundation.framework; path = System/Library/Frameworks/Foundation.framework; sourceTree = SDKROOT; };
		3839C316165557310024C313 /* CoreGraphics.framework */ = {isa = PBXFileReference; lastKnownFileType = wrapper.framework; name = CoreGraphics.framework; path = System/Library/Frameworks/CoreGraphics.framework; sourceTree = SDKROOT; };
		3839C31A165557310024C313 /* TheEvnt-Info.plist */ = {isa = PBXFileReference; lastKnownFileType = text.plist.xml; path = "TheEvnt-Info.plist"; sourceTree = "<group>"; };
		3839C31C165557310024C313 /* en */ = {isa = PBXFileReference; lastKnownFileType = text.plist.strings; name = en; path = en.lproj/InfoPlist.strings; sourceTree = "<group>"; };
		3839C31E165557320024C313 /* main.m */ = {isa = PBXFileReference; lastKnownFileType = sourcecode.c.objc; path = main.m; sourceTree = "<group>"; };
		3839C320165557320024C313 /* TheEvnt-Prefix.pch */ = {isa = PBXFileReference; lastKnownFileType = sourcecode.c.h; path = "TheEvnt-Prefix.pch"; sourceTree = "<group>"; };
		3839C321165557320024C313 /* AppDelegate.h */ = {isa = PBXFileReference; lastKnownFileType = sourcecode.c.h; path = AppDelegate.h; sourceTree = "<group>"; };
		3839C322165557320024C313 /* AppDelegate.m */ = {isa = PBXFileReference; lastKnownFileType = sourcecode.c.objc; path = AppDelegate.m; sourceTree = "<group>"; };
		3839C324165557320024C313 /* Default.png */ = {isa = PBXFileReference; lastKnownFileType = image.png; path = Default.png; sourceTree = "<group>"; };
		3839C326165557320024C313 /* Default@2x.png */ = {isa = PBXFileReference; lastKnownFileType = image.png; path = "Default@2x.png"; sourceTree = "<group>"; };
		3839C328165557320024C313 /* Default-568h@2x.png */ = {isa = PBXFileReference; lastKnownFileType = image.png; path = "Default-568h@2x.png"; sourceTree = "<group>"; };
		3839C32A165557320024C313 /* FirstViewController.h */ = {isa = PBXFileReference; lastKnownFileType = sourcecode.c.h; path = FirstViewController.h; sourceTree = "<group>"; };
		3839C32B165557320024C313 /* FirstViewController.m */ = {isa = PBXFileReference; lastKnownFileType = sourcecode.c.objc; path = FirstViewController.m; sourceTree = "<group>"; };
		3839C32D165557320024C313 /* first.png */ = {isa = PBXFileReference; lastKnownFileType = image.png; path = first.png; sourceTree = "<group>"; };
		3839C32F165557320024C313 /* first@2x.png */ = {isa = PBXFileReference; lastKnownFileType = image.png; path = "first@2x.png"; sourceTree = "<group>"; };
		3839C331165557320024C313 /* SecondViewController.h */ = {isa = PBXFileReference; lastKnownFileType = sourcecode.c.h; path = SecondViewController.h; sourceTree = "<group>"; };
		3839C332165557320024C313 /* SecondViewController.m */ = {isa = PBXFileReference; lastKnownFileType = sourcecode.c.objc; path = SecondViewController.m; sourceTree = "<group>"; };
		3839C334165557320024C313 /* second.png */ = {isa = PBXFileReference; lastKnownFileType = image.png; path = second.png; sourceTree = "<group>"; };
		3839C336165557320024C313 /* second@2x.png */ = {isa = PBXFileReference; lastKnownFileType = image.png; path = "second@2x.png"; sourceTree = "<group>"; };
		3839C339165557320024C313 /* en */ = {isa = PBXFileReference; lastKnownFileType = file.xib; name = en; path = en.lproj/FirstViewController.xib; sourceTree = "<group>"; };
		3839C33C165557320024C313 /* en */ = {isa = PBXFileReference; lastKnownFileType = file.xib; name = en; path = en.lproj/SecondViewController.xib; sourceTree = "<group>"; };
/* End PBXFileReference section */

/* Begin PBXFrameworksBuildPhase section */
		3839C30B165557310024C313 /* Frameworks */ = {
			isa = PBXFrameworksBuildPhase;
			buildActionMask = 2147483647;
			files = (
				3839C313165557310024C313 /* UIKit.framework in Frameworks */,
				3839C315165557310024C313 /* Foundation.framework in Frameworks */,
				3839C317165557310024C313 /* CoreGraphics.framework in Frameworks */,
			);
			runOnlyForDeploymentPostprocessing = 0;
		};
/* End PBXFrameworksBuildPhase section */

/* Begin PBXGroup section */
		3839C303165557310024C313 = {
			isa = PBXGroup;
			children = (
				3839C318165557310024C313 /* TheEvnt */,
				3839C311165557310024C313 /* Frameworks */,
				3839C30F165557310024C313 /* Products */,
			);
			sourceTree = "<group>";
		};
		3839C30F165557310024C313 /* Products */ = {
			isa = PBXGroup;
			children = (
				3839C30E165557310024C313 /* TheEvnt.app */,
			);
			name = Products;
			sourceTree = "<group>";
		};
		3839C311165557310024C313 /* Frameworks */ = {
			isa = PBXGroup;
			children = (
				3839C312165557310024C313 /* UIKit.framework */,
				3839C314165557310024C313 /* Foundation.framework */,
				3839C316165557310024C313 /* CoreGraphics.framework */,
			);
			name = Frameworks;
			sourceTree = "<group>";
		};
		3839C318165557310024C313 /* TheEvnt */ = {
			isa = PBXGroup;
			children = (
				3839C321165557320024C313 /* AppDelegate.h */,
				3839C322165557320024C313 /* AppDelegate.m */,
				3839C32A165557320024C313 /* FirstViewController.h */,
				3839C32B165557320024C313 /* FirstViewController.m */,
				3839C32D165557320024C313 /* first.png */,
				3839C32F165557320024C313 /* first@2x.png */,
				3839C331165557320024C313 /* SecondViewController.h */,
				3839C332165557320024C313 /* SecondViewController.m */,
				3839C334165557320024C313 /* second.png */,
				3839C336165557320024C313 /* second@2x.png */,
				3839C338165557320024C313 /* FirstViewController.xib */,
				3839C33B165557320024C313 /* SecondViewController.xib */,
				3839C319165557310024C313 /* Supporting Files */,
			);
			path = TheEvnt;
			sourceTree = "<group>";
		};
		3839C319165557310024C313 /* Supporting Files */ = {
			isa = PBXGroup;
			children = (
				3839C31A165557310024C313 /* TheEvnt-Info.plist */,
				3839C31B165557310024C313 /* InfoPlist.strings */,
				3839C31E165557320024C313 /* main.m */,
				3839C320165557320024C313 /* TheEvnt-Prefix.pch */,
				3839C324165557320024C313 /* Default.png */,
				3839C326165557320024C313 /* Default@2x.png */,
				3839C328165557320024C313 /* Default-568h@2x.png */,
			);
			name = "Supporting Files";
			sourceTree = "<group>";
		};
/* End PBXGroup section */

/* Begin PBXNativeTarget section */
		3839C30D165557310024C313 /* TheEvnt */ = {
			isa = PBXNativeTarget;
			buildConfigurationList = 3839C340165557320024C313 /* Build configuration list for PBXNativeTarget "TheEvnt" */;
			buildPhases = (
				3839C30A165557310024C313 /* Sources */,
				3839C30B165557310024C313 /* Frameworks */,
				3839C30C165557310024C313 /* Resources */,
			);
			buildRules = (
			);
			dependencies = (
			);
			name = TheEvnt;
			productName = TheEvnt;
			productReference = 3839C30E165557310024C313 /* TheEvnt.app */;
			productType = "com.apple.product-type.application";
		};
/* End PBXNativeTarget section */

/* Begin PBXProject section */
		3839C305165557310024C313 /* Project object */ = {
			isa = PBXProject;
			attributes = {
				LastUpgradeCheck = 0450;
				ORGANIZATIONNAME = "Synapse Asesores Informaticos, S.L.";
			};
			buildConfigurationList = 3839C308165557310024C313 /* Build configuration list for PBXProject "TheEvnt" */;
			compatibilityVersion = "Xcode 3.2";
			developmentRegion = English;
			hasScannedForEncodings = 0;
			knownRegions = (
				en,
			);
			mainGroup = 3839C303165557310024C313;
			productRefGroup = 3839C30F165557310024C313 /* Products */;
			projectDirPath = "";
			projectRoot = "";
			targets = (
				3839C30D165557310024C313 /* TheEvnt */,
			);
		};
/* End PBXProject section */

/* Begin PBXResourcesBuildPhase section */
		3839C30C165557310024C313 /* Resources */ = {
			isa = PBXResourcesBuildPhase;
			buildActionMask = 2147483647;
			files = (
				3839C31D165557320024C313 /* InfoPlist.strings in Resources */,
				3839C325165557320024C313 /* Default.png in Resources */,
				3839C327165557320024C313 /* Default@2x.png in Resources */,
				3839C329165557320024C313 /* Default-568h@2x.png in Resources */,
				3839C32E165557320024C313 /* first.png in Resources */,
				3839C330165557320024C313 /* first@2x.png in Resources */,
				3839C335165557320024C313 /* second.png in Resources */,
				3839C337165557320024C313 /* second@2x.png in Resources */,
				3839C33A165557320024C313 /* FirstViewController.xib in Resources */,
				3839C33D165557320024C313 /* SecondViewController.xib in Resources */,
			);
			runOnlyForDeploymentPostprocessing = 0;
		};
/* End PBXResourcesBuildPhase section */

/* Begin PBXSourcesBuildPhase section */
		3839C30A165557310024C313 /* Sources */ = {
			isa = PBXSourcesBuildPhase;
			buildActionMask = 2147483647;
			files = (
				3839C31F165557320024C313 /* main.m in Sources */,
				3839C323165557320024C313 /* AppDelegate.m in Sources */,
				3839C32C165557320024C313 /* FirstViewController.m in Sources */,
				3839C333165557320024C313 /* SecondViewController.m in Sources */,
			);
			runOnlyForDeploymentPostprocessing = 0;
		};
/* End PBXSourcesBuildPhase section */

/* Begin PBXVariantGroup section */
		3839C31B165557310024C313 /* InfoPlist.strings */ = {
			isa = PBXVariantGroup;
			children = (
				3839C31C165557310024C313 /* en */,
			);
			name = InfoPlist.strings;
			sourceTree = "<group>";
		};
		3839C338165557320024C313 /* FirstViewController.xib */ = {
			isa = PBXVariantGroup;
			children = (
				3839C339165557320024C313 /* en */,
			);
			name = FirstViewController.xib;
			sourceTree = "<group>";
		};
		3839C33B165557320024C313 /* SecondViewController.xib */ = {
			isa = PBXVariantGroup;
			children = (
				3839C33C165557320024C313 /* en */,
			);
			name = SecondViewController.xib;
			sourceTree = "<group>";
		};
/* End PBXVariantGroup section */

/* Begin XCBuildConfiguration section */
		3839C33E165557320024C313 /* Debug */ = {
			isa = XCBuildConfiguration;
			buildSettings = {
				ALWAYS_SEARCH_USER_PATHS = NO;
				CLANG_CXX_LANGUAGE_STANDARD = "gnu++0x";
				CLANG_CXX_LIBRARY = "libc++";
				CLANG_ENABLE_OBJC_ARC = YES;
				CLANG_WARN_EMPTY_BODY = YES;
				CLANG_WARN__DUPLICATE_METHOD_MATCH = YES;
				"CODE_SIGN_IDENTITY[sdk=iphoneos*]" = "iPhone Developer";
				COPY_PHASE_STRIP = NO;
				GCC_C_LANGUAGE_STANDARD = gnu99;
				GCC_DYNAMIC_NO_PIC = NO;
				GCC_OPTIMIZATION_LEVEL = 0;
				GCC_PREPROCESSOR_DEFINITIONS = (
					"DEBUG=1",
					"$(inherited)",
				);
				GCC_SYMBOLS_PRIVATE_EXTERN = NO;
				GCC_WARN_ABOUT_RETURN_TYPE = YES;
				GCC_WARN_UNINITIALIZED_AUTOS = YES;
				GCC_WARN_UNUSED_VARIABLE = YES;
				IPHONEOS_DEPLOYMENT_TARGET = 6.0;
				ONLY_ACTIVE_ARCH = YES;
				SDKROOT = iphoneos;
			};
			name = Debug;
		};
		3839C33F165557320024C313 /* Release */ = {
			isa = XCBuildConfiguration;
			buildSettings = {
				ALWAYS_SEARCH_USER_PATHS = NO;
				CLANG_CXX_LANGUAGE_STANDARD = "gnu++0x";
				CLANG_CXX_LIBRARY = "libc++";
				CLANG_ENABLE_OBJC_ARC = YES;
				CLANG_WARN_EMPTY_BODY = YES;
				CLANG_WARN__DUPLICATE_METHOD_MATCH = YES;
				"CODE_SIGN_IDENTITY[sdk=iphoneos*]" = "iPhone Developer";
				COPY_PHASE_STRIP = YES;
				GCC_C_LANGUAGE_STANDARD = gnu99;
				GCC_WARN_ABOUT_RETURN_TYPE = YES;
				GCC_WARN_UNINITIALIZED_AUTOS = YES;
				GCC_WARN_UNUSED_VARIABLE = YES;
				IPHONEOS_DEPLOYMENT_TARGET = 6.0;
				OTHER_CFLAGS = "-DNS_BLOCK_ASSERTIONS=1";
				SDKROOT = iphoneos;
				VALIDATE_PRODUCT = YES;
			};
			name = Release;
		};
		3839C341165557320024C313 /* Debug */ = {
			isa = XCBuildConfiguration;
			buildSettings = {
				GCC_PRECOMPILE_PREFIX_HEADER = YES;
				GCC_PREFIX_HEADER = "TheEvnt/TheEvnt-Prefix.pch";
				INFOPLIST_FILE = "TheEvnt/TheEvnt-Info.plist";
				PRODUCT_NAME = "$(TARGET_NAME)";
				WRAPPER_EXTENSION = app;
			};
			name = Debug;
		};
		3839C342165557320024C313 /* Release */ = {
			isa = XCBuildConfiguration;
			buildSettings = {
				GCC_PRECOMPILE_PREFIX_HEADER = YES;
				GCC_PREFIX_HEADER = "TheEvnt/TheEvnt-Prefix.pch";
				INFOPLIST_FILE = "TheEvnt/TheEvnt-Info.plist";
				PRODUCT_NAME = "$(TARGET_NAME)";
				WRAPPER_EXTENSION = app;
			};
			name = Release;
		};
/* End XCBuildConfiguration section */

/* Begin XCConfigurationList section */
		3839C308165557310024C313 /* Build configuration list for PBXProject "TheEvnt" */ = {
			isa = XCConfigurationList;
			buildConfigurations = (
				3839C33E165557320024C313 /* Debug */,
				3839C33F165557320024C313 /* Release */,
			);
			defaultConfigurationIsVisible = 0;
			defaultConfigurationName = Release;
		};
		3839C340165557320024C313 /* Build configuration list for PBXNativeTarget "TheEvnt" */ = {
			isa = XCConfigurationList;
			buildConfigurations = (
				3839C341165557320024C313 /* Debug */,
				3839C342165557320024C313 /* Release */,
			);
			defaultConfigurationIsVisible = 0;
		};
/* End XCConfigurationList section */
	};
	rootObject = 3839C305165557310024C313 /* Project object */;
}
